
Microsoft Visual Studio Solution File, Format Version 12.00
# Visual Studio Version 17
VisualStudioVersion = 17.7.34031.279
MinimumVisualStudioVersion = 10.0.40219.1
Project("{F184B08F-C81C-45F6-A57F-5ABD9991F28F}") = "10. Pythogorus theorium", "10. Pythogorus theorium.vbproj", "{EE3613E6-371F-4D8E-BE93-623B323E0284}"
EndProject
Global
	GlobalSection(SolutionConfigurationPlatforms) = preSolution
		Debug|Any CPU = Debug|Any CPU
		Release|Any CPU = Release|Any CPU
	EndGlobalSection
	GlobalSection(ProjectConfigurationPlatforms) = postSolution
		{EE3613E6-371F-4D8E-BE93-623B323E0284}.Debug|Any CPU.ActiveCfg = Debug|Any CPU
		{EE3613E6-371F-4D8E-BE93-623B323E0284}.Debug|Any CPU.Build.0 = Debug|Any CPU
		{EE3613E6-371F-4D8E-BE93-623B323E0284}.Release|Any CPU.ActiveCfg = Release|Any CPU
		{EE3613E6-371F-4D8E-BE93-623B323E0284}.Release|Any CPU.Build.0 = Release|Any CPU
	EndGlobalSection
	GlobalSection(SolutionProperties) = preSolution
		HideSolutionNode = FALSE
	EndGlobalSection
	GlobalSection(ExtensibilityGlobals) = postSolution
		SolutionGuid = {C41CC02D-61F8-4CF5-A46F-34D39EE8AFCA}
	EndGlobalSection
EndGlobal
